
Microsoft Visual Studio Solution File, Format Version 12.00
# Visual Studio Version 17
VisualStudioVersion = 17.3.32901.215
MinimumVisualStudioVersion = 10.0.40219.1
Project("{9A19103F-16F7-4668-BE54-9A1E7A4F7556}") = "Workspace", "Workspace\Workspace.csproj", "{AE384CC7-AA5D-405E-B97A-55C2D3C78810}"
EndProject
Project("{2150E333-8FDC-42A3-9474-1A3956D46DE8}") = "Cours", "Cours", "{604161B8-FCD9-4F7E-9244-76E3BF91A271}"
EndProject
Project("{2150E333-8FDC-42A3-9474-1A3956D46DE8}") = "Udemy", "Udemy", "{FA36A353-4E9E-4871-A05B-6B4C11B7590B}"
EndProject
Project("{9A19103F-16F7-4668-BE54-9A1E7A4F7556}") = "Cours2", "Cours2\Cours2.csproj", "{6067F52E-954D-4E82-A6C2-548ABDC4D4A6}"
EndProject
Project("{9A19103F-16F7-4668-BE54-9A1E7A4F7556}") = "Cours3", "Cours3\Cours3.csproj", "{743BADEA-1C81-4370-A3BD-44AD83EBFDDD}"
EndProject
Project("{2150E333-8FDC-42A3-9474-1A3956D46DE8}") = "Test", "Test", "{67AE2AC9-49F6-4A9F-A742-2A6F633F0ABE}"
EndProject
Project("{9A19103F-16F7-4668-BE54-9A1E7A4F7556}") = "Test", "Test\Test.csproj", "{93F3B553-BCFC-4552-97CE-A5DA83684F4A}"
EndProject
Project("{9A19103F-16F7-4668-BE54-9A1E7A4F7556}") = "Premier_programme", "Premier_programme\Premier_programme.csproj", "{7ECB58B7-F6B5-49EE-80BF-7AAF46BDED67}"
EndProject
Project("{9A19103F-16F7-4668-BE54-9A1E7A4F7556}") = "Magic_number", "Magic_number\Magic_number.csproj", "{71BE45D8-922F-4EE9-A5C5-361D6FE19226}"
EndProject
Project("{2150E333-8FDC-42A3-9474-1A3956D46DE8}") = "Voiture", "Voiture", "{DEBF64C0-2DD3-41CE-B091-F49229D5DD4F}"
EndProject
Project("{9A19103F-16F7-4668-BE54-9A1E7A4F7556}") = "Voiture", "Voiture\Voiture.csproj", "{2E9D6B99-5C60-4FFE-9989-9185F085DFE9}"
EndProject
Project("{2150E333-8FDC-42A3-9474-1A3956D46DE8}") = "Celcius_Fahrenheit", "Celcius_Fahrenheit", "{CB6C1D4D-E4B0-4D3D-82EA-E844F0D5E1F9}"
EndProject
Project("{9A19103F-16F7-4668-BE54-9A1E7A4F7556}") = "celcius_fahrenheit", "celcius_fahrenheit\celcius_fahrenheit.csproj", "{8B6ED516-3596-4FDA-A6F3-2A05D55F97FD}"
EndProject
Project("{2150E333-8FDC-42A3-9474-1A3956D46DE8}") = "Pendu", "Pendu", "{4210ED83-1D7D-438A-89CC-9383B9823BD0}"
EndProject
Project("{9A19103F-16F7-4668-BE54-9A1E7A4F7556}") = "pendu", "pendu\pendu.csproj", "{8A5FF9E4-230C-4B76-B58B-2838A8E6644F}"
EndProject
Project("{2150E333-8FDC-42A3-9474-1A3956D46DE8}") = "Cours5", "Cours5", "{D971E483-9A9F-4B3C-AE14-C2A7219E1317}"
EndProject
Project("{9A19103F-16F7-4668-BE54-9A1E7A4F7556}") = "Cours5", "Cours5\Cours5.csproj", "{5C7A38C9-49CF-4322-A448-AEFD58BFC53F}"
EndProject
Project("{9A19103F-16F7-4668-BE54-9A1E7A4F7556}") = "Cours6", "Cours6\Cours6.csproj", "{92B5325E-7EB6-4377-8D25-2041F34EE5BB}"
EndProject
Project("{9A19103F-16F7-4668-BE54-9A1E7A4F7556}") = "jeu_de_maths", "jeu_de_maths\jeu_de_maths.csproj", "{B9E12B34-2FC0-4C0C-AAA4-B0F6A3BA0741}"
EndProject
Project("{9A19103F-16F7-4668-BE54-9A1E7A4F7556}") = "generateur_mot_de_passe", "generateur_mot_de_passe\generateur_mot_de_passe.csproj", "{1EE87C74-5624-45A6-AC05-1520365E3BC6}"
EndProject
Project("{FAE04EC0-301F-11D3-BF4B-00C04F79EFBC}") = "Cours7", "Cours7\Cours7.csproj", "{4E3DF1B2-9F2C-46FB-8D8B-02E73ECF673F}"
EndProject
Global
	GlobalSection(SolutionConfigurationPlatforms) = preSolution
		Debug|Any CPU = Debug|Any CPU
		Release|Any CPU = Release|Any CPU
	EndGlobalSection
	GlobalSection(ProjectConfigurationPlatforms) = postSolution
		{AE384CC7-AA5D-405E-B97A-55C2D3C78810}.Debug|Any CPU.ActiveCfg = Debug|Any CPU
		{AE384CC7-AA5D-405E-B97A-55C2D3C78810}.Debug|Any CPU.Build.0 = Debug|Any CPU
		{AE384CC7-AA5D-405E-B97A-55C2D3C78810}.Release|Any CPU.ActiveCfg = Release|Any CPU
		{AE384CC7-AA5D-405E-B97A-55C2D3C78810}.Release|Any CPU.Build.0 = Release|Any CPU
		{6067F52E-954D-4E82-A6C2-548ABDC4D4A6}.Debug|Any CPU.ActiveCfg = Debug|Any CPU
		{6067F52E-954D-4E82-A6C2-548ABDC4D4A6}.Debug|Any CPU.Build.0 = Debug|Any CPU
		{6067F52E-954D-4E82-A6C2-548ABDC4D4A6}.Release|Any CPU.ActiveCfg = Release|Any CPU
		{6067F52E-954D-4E82-A6C2-548ABDC4D4A6}.Release|Any CPU.Build.0 = Release|Any CPU
		{743BADEA-1C81-4370-A3BD-44AD83EBFDDD}.Debug|Any CPU.ActiveCfg = Debug|Any CPU
		{743BADEA-1C81-4370-A3BD-44AD83EBFDDD}.Debug|Any CPU.Build.0 = Debug|Any CPU
		{743BADEA-1C81-4370-A3BD-44AD83EBFDDD}.Release|Any CPU.ActiveCfg = Release|Any CPU
		{743BADEA-1C81-4370-A3BD-44AD83EBFDDD}.Release|Any CPU.Build.0 = Release|Any CPU
		{93F3B553-BCFC-4552-97CE-A5DA83684F4A}.Debug|Any CPU.ActiveCfg = Debug|Any CPU
		{93F3B553-BCFC-4552-97CE-A5DA83684F4A}.Debug|Any CPU.Build.0 = Debug|Any CPU
		{93F3B553-BCFC-4552-97CE-A5DA83684F4A}.Release|Any CPU.ActiveCfg = Release|Any CPU
		{93F3B553-BCFC-4552-97CE-A5DA83684F4A}.Release|Any CPU.Build.0 = Release|Any CPU
		{7ECB58B7-F6B5-49EE-80BF-7AAF46BDED67}.Debug|Any CPU.ActiveCfg = Debug|Any CPU
		{7ECB58B7-F6B5-49EE-80BF-7AAF46BDED67}.Debug|Any CPU.Build.0 = Debug|Any CPU
		{7ECB58B7-F6B5-49EE-80BF-7AAF46BDED67}.Release|Any CPU.ActiveCfg = Release|Any CPU
		{7ECB58B7-F6B5-49EE-80BF-7AAF46BDED67}.Release|Any CPU.Build.0 = Release|Any CPU
		{71BE45D8-922F-4EE9-A5C5-361D6FE19226}.Debug|Any CPU.ActiveCfg = Debug|Any CPU
		{71BE45D8-922F-4EE9-A5C5-361D6FE19226}.Debug|Any CPU.Build.0 = Debug|Any CPU
		{71BE45D8-922F-4EE9-A5C5-361D6FE19226}.Release|Any CPU.ActiveCfg = Release|Any CPU
		{71BE45D8-922F-4EE9-A5C5-361D6FE19226}.Release|Any CPU.Build.0 = Release|Any CPU
		{2E9D6B99-5C60-4FFE-9989-9185F085DFE9}.Debug|Any CPU.ActiveCfg = Debug|Any CPU
		{2E9D6B99-5C60-4FFE-9989-9185F085DFE9}.Debug|Any CPU.Build.0 = Debug|Any CPU
		{2E9D6B99-5C60-4FFE-9989-9185F085DFE9}.Release|Any CPU.ActiveCfg = Release|Any CPU
		{2E9D6B99-5C60-4FFE-9989-9185F085DFE9}.Release|Any CPU.Build.0 = Release|Any CPU
		{8B6ED516-3596-4FDA-A6F3-2A05D55F97FD}.Debug|Any CPU.ActiveCfg = Debug|Any CPU
		{8B6ED516-3596-4FDA-A6F3-2A05D55F97FD}.Debug|Any CPU.Build.0 = Debug|Any CPU
		{8B6ED516-3596-4FDA-A6F3-2A05D55F97FD}.Release|Any CPU.ActiveCfg = Release|Any CPU
		{8B6ED516-3596-4FDA-A6F3-2A05D55F97FD}.Release|Any CPU.Build.0 = Release|Any CPU
		{8A5FF9E4-230C-4B76-B58B-2838A8E6644F}.Debug|Any CPU.ActiveCfg = Debug|Any CPU
		{8A5FF9E4-230C-4B76-B58B-2838A8E6644F}.Debug|Any CPU.Build.0 = Debug|Any CPU
		{8A5FF9E4-230C-4B76-B58B-2838A8E6644F}.Release|Any CPU.ActiveCfg = Release|Any CPU
		{8A5FF9E4-230C-4B76-B58B-2838A8E6644F}.Release|Any CPU.Build.0 = Release|Any CPU
		{5C7A38C9-49CF-4322-A448-AEFD58BFC53F}.Debug|Any CPU.ActiveCfg = Debug|Any CPU
		{5C7A38C9-49CF-4322-A448-AEFD58BFC53F}.Debug|Any CPU.Build.0 = Debug|Any CPU
		{5C7A38C9-49CF-4322-A448-AEFD58BFC53F}.Release|Any CPU.ActiveCfg = Release|Any CPU
		{5C7A38C9-49CF-4322-A448-AEFD58BFC53F}.Release|Any CPU.Build.0 = Release|Any CPU
		{92B5325E-7EB6-4377-8D25-2041F34EE5BB}.Debug|Any CPU.ActiveCfg = Debug|Any CPU
		{92B5325E-7EB6-4377-8D25-2041F34EE5BB}.Debug|Any CPU.Build.0 = Debug|Any CPU
		{92B5325E-7EB6-4377-8D25-2041F34EE5BB}.Release|Any CPU.ActiveCfg = Release|Any CPU
		{92B5325E-7EB6-4377-8D25-2041F34EE5BB}.Release|Any CPU.Build.0 = Release|Any CPU
		{B9E12B34-2FC0-4C0C-AAA4-B0F6A3BA0741}.Debug|Any CPU.ActiveCfg = Debug|Any CPU
		{B9E12B34-2FC0-4C0C-AAA4-B0F6A3BA0741}.Debug|Any CPU.Build.0 = Debug|Any CPU
		{B9E12B34-2FC0-4C0C-AAA4-B0F6A3BA0741}.Release|Any CPU.ActiveCfg = Release|Any CPU
		{B9E12B34-2FC0-4C0C-AAA4-B0F6A3BA0741}.Release|Any CPU.Build.0 = Release|Any CPU
		{1EE87C74-5624-45A6-AC05-1520365E3BC6}.Debug|Any CPU.ActiveCfg = Debug|Any CPU
		{1EE87C74-5624-45A6-AC05-1520365E3BC6}.Debug|Any CPU.Build.0 = Debug|Any CPU
		{1EE87C74-5624-45A6-AC05-1520365E3BC6}.Release|Any CPU.ActiveCfg = Release|Any CPU
		{1EE87C74-5624-45A6-AC05-1520365E3BC6}.Release|Any CPU.Build.0 = Release|Any CPU
		{4E3DF1B2-9F2C-46FB-8D8B-02E73ECF673F}.Debug|Any CPU.ActiveCfg = Debug|Any CPU
		{4E3DF1B2-9F2C-46FB-8D8B-02E73ECF673F}.Debug|Any CPU.Build.0 = Debug|Any CPU
		{4E3DF1B2-9F2C-46FB-8D8B-02E73ECF673F}.Release|Any CPU.ActiveCfg = Release|Any CPU
		{4E3DF1B2-9F2C-46FB-8D8B-02E73ECF673F}.Release|Any CPU.Build.0 = Release|Any CPU
	EndGlobalSection
	GlobalSection(SolutionProperties) = preSolution
		HideSolutionNode = FALSE
	EndGlobalSection
	GlobalSection(NestedProjects) = preSolution
		{6067F52E-954D-4E82-A6C2-548ABDC4D4A6} = {604161B8-FCD9-4F7E-9244-76E3BF91A271}
		{743BADEA-1C81-4370-A3BD-44AD83EBFDDD} = {604161B8-FCD9-4F7E-9244-76E3BF91A271}
		{93F3B553-BCFC-4552-97CE-A5DA83684F4A} = {67AE2AC9-49F6-4A9F-A742-2A6F633F0ABE}
		{7ECB58B7-F6B5-49EE-80BF-7AAF46BDED67} = {FA36A353-4E9E-4871-A05B-6B4C11B7590B}
		{71BE45D8-922F-4EE9-A5C5-361D6FE19226} = {FA36A353-4E9E-4871-A05B-6B4C11B7590B}
		{2E9D6B99-5C60-4FFE-9989-9185F085DFE9} = {DEBF64C0-2DD3-41CE-B091-F49229D5DD4F}
		{8B6ED516-3596-4FDA-A6F3-2A05D55F97FD} = {CB6C1D4D-E4B0-4D3D-82EA-E844F0D5E1F9}
		{8A5FF9E4-230C-4B76-B58B-2838A8E6644F} = {4210ED83-1D7D-438A-89CC-9383B9823BD0}
		{D971E483-9A9F-4B3C-AE14-C2A7219E1317} = {604161B8-FCD9-4F7E-9244-76E3BF91A271}
		{5C7A38C9-49CF-4322-A448-AEFD58BFC53F} = {D971E483-9A9F-4B3C-AE14-C2A7219E1317}
		{92B5325E-7EB6-4377-8D25-2041F34EE5BB} = {604161B8-FCD9-4F7E-9244-76E3BF91A271}
		{B9E12B34-2FC0-4C0C-AAA4-B0F6A3BA0741} = {FA36A353-4E9E-4871-A05B-6B4C11B7590B}
		{1EE87C74-5624-45A6-AC05-1520365E3BC6} = {FA36A353-4E9E-4871-A05B-6B4C11B7590B}
		{4E3DF1B2-9F2C-46FB-8D8B-02E73ECF673F} = {604161B8-FCD9-4F7E-9244-76E3BF91A271}
	EndGlobalSection
	GlobalSection(ExtensibilityGlobals) = postSolution
		SolutionGuid = {0E88B157-30E0-4575-95BF-B729970F8B5E}
	EndGlobalSection
EndGlobal
